
Microsoft Visual Studio Solution File, Format Version 12.00
# Visual Studio Version 16
VisualStudioVersion = 16.0.29403.142
MinimumVisualStudioVersion = 10.0.40219.1
Project("{888888A0-9F3D-457C-B088-3A5042F75D52}") = "MS practica modulo2", "MS practica modulo2.pyproj", "{AE1EA481-A807-43FB-9F69-B30D88BFF84E}"
EndProject
Global
	GlobalSection(SolutionConfigurationPlatforms) = preSolution
		Debug|Any CPU = Debug|Any CPU
		Release|Any CPU = Release|Any CPU
	EndGlobalSection
	GlobalSection(ProjectConfigurationPlatforms) = postSolution
		{AE1EA481-A807-43FB-9F69-B30D88BFF84E}.Debug|Any CPU.ActiveCfg = Debug|Any CPU
		{AE1EA481-A807-43FB-9F69-B30D88BFF84E}.Release|Any CPU.ActiveCfg = Release|Any CPU
	EndGlobalSection
	GlobalSection(SolutionProperties) = preSolution
		HideSolutionNode = FALSE
	EndGlobalSection
	GlobalSection(ExtensibilityGlobals) = postSolution
		SolutionGuid = {F44CD0B7-A77B-49CE-9C9B-4BC5440B56AA}
	EndGlobalSection
EndGlobal
